
Microsoft Visual Studio Solution File, Format Version 12.00
# Visual Studio Version 17
VisualStudioVersion = 17.3.32901.215
MinimumVisualStudioVersion = 10.0.40219.1
Project("{9A19103F-16F7-4668-BE54-9A1E7A4F7556}") = "BankManagerApp", "BankManagerApp\BankManagerApp.csproj", "{B8CC4E28-2986-4C32-845B-C2BABDA30675}"
EndProject
Global
	GlobalSection(SolutionConfigurationPlatforms) = preSolution
		Debug|Any CPU = Debug|Any CPU
		Release|Any CPU = Release|Any CPU
	EndGlobalSection
	GlobalSection(ProjectConfigurationPlatforms) = postSolution
		{B8CC4E28-2986-4C32-845B-C2BABDA30675}.Debug|Any CPU.ActiveCfg = Debug|Any CPU
		{B8CC4E28-2986-4C32-845B-C2BABDA30675}.Debug|Any CPU.Build.0 = Debug|Any CPU
		{B8CC4E28-2986-4C32-845B-C2BABDA30675}.Release|Any CPU.ActiveCfg = Release|Any CPU
		{B8CC4E28-2986-4C32-845B-C2BABDA30675}.Release|Any CPU.Build.0 = Release|Any CPU
	EndGlobalSection
	GlobalSection(SolutionProperties) = preSolution
		HideSolutionNode = FALSE
	EndGlobalSection
	GlobalSection(ExtensibilityGlobals) = postSolution
		SolutionGuid = {066E8E06-7CCB-4B38-8347-9C19692C3F5C}
	EndGlobalSection
EndGlobal
